# This file is generated by running "yarn install" inside your project.
# Manual changes might be lost - proceed with caution!

__metadata:
  version: 8
  cacheKey: 10c0

"accepts@npm:~1.3.4":
  version: 1.3.8
  resolution: "accepts@npm:1.3.8"
  dependencies:
    mime-types: "npm:~2.1.34"
    negotiator: "npm:0.6.3"
  checksum: 10c0/3a35c5f5586cfb9a21163ca47a5f77ac34fa8ceb5d17d2fa2c0d81f41cbd7f8c6fa52c77e2c039acc0f4d09e71abdc51144246900f6bef5e3c4b333f77d89362
  languageName: node
  linkType: hard

"array-flatten@npm:1.1.1":
  version: 1.1.1
  resolution: "array-flatten@npm:1.1.1"
  checksum: 10c0/806966c8abb2f858b08f5324d9d18d7737480610f3bd5d3498aaae6eb5efdc501a884ba019c9b4a8f02ff67002058749d05548fd42fa8643f02c9c7f22198b91
  languageName: node
  linkType: hard

"body-parser@npm:1.18.2":
  version: 1.18.2
  resolution: "body-parser@npm:1.18.2"
  dependencies:
    bytes: "npm:3.0.0"
    content-type: "npm:~1.0.4"
    debug: "npm:2.6.9"
    depd: "npm:~1.1.1"
    http-errors: "npm:~1.6.2"
    iconv-lite: "npm:0.4.19"
    on-finished: "npm:~2.3.0"
    qs: "npm:6.5.1"
    raw-body: "npm:2.3.2"
    type-is: "npm:~1.6.15"
  checksum: 10c0/ce1ebca2e62def1c0f53cfc4e70ac225aea3567a51f1f7695a78d74b5062042c09ae4fe033aa0d63de8c60d7007c9814870471115164b4ffb9fac0087a1cb052
  languageName: node
  linkType: hard

"bytes@npm:3.0.0":
  version: 3.0.0
  resolution: "bytes@npm:3.0.0"
  checksum: 10c0/91d42c38601c76460519ffef88371caacaea483a354c8e4b8808e7b027574436a5713337c003ea3de63ee4991c2a9a637884fdfe7f761760d746929d9e8fec60
  languageName: node
  linkType: hard

"content-disposition@npm:0.5.2":
  version: 0.5.2
  resolution: "content-disposition@npm:0.5.2"
  checksum: 10c0/49eebaa0da1f9609b192e99d7fec31d1178cb57baa9d01f5b63b29787ac31e9d18b5a1033e854c68c9b6cce790e700a6f7fa60e43f95e2e416404e114a8f2f49
  languageName: node
  linkType: hard

"content-type@npm:~1.0.4":
  version: 1.0.5
  resolution: "content-type@npm:1.0.5"
  checksum: 10c0/b76ebed15c000aee4678c3707e0860cb6abd4e680a598c0a26e17f0bfae723ec9cc2802f0ff1bc6e4d80603719010431d2231018373d4dde10f9ccff9dadf5af
  languageName: node
  linkType: hard

"cookie-signature@npm:1.0.6":
  version: 1.0.6
  resolution: "cookie-signature@npm:1.0.6"
  checksum: 10c0/b36fd0d4e3fef8456915fcf7742e58fbfcc12a17a018e0eb9501c9d5ef6893b596466f03b0564b81af29ff2538fd0aa4b9d54fe5ccbfb4c90ea50ad29fe2d221
  languageName: node
  linkType: hard

"cookie@npm:0.3.1":
  version: 0.3.1
  resolution: "cookie@npm:0.3.1"
  checksum: 10c0/0d73c4d605b234c4d04de335aefa4988157f03265845f4a89ea311e3ba1ce73ab42b52d33652ed1c9671342eb77742a58f61753f3e90f31711284fb6031b2962
  languageName: node
  linkType: hard

"debug@npm:2.6.9":
  version: 2.6.9
  resolution: "debug@npm:2.6.9"
  dependencies:
    ms: "npm:2.0.0"
  checksum: 10c0/121908fb839f7801180b69a7e218a40b5a0b718813b886b7d6bdb82001b931c938e2941d1e4450f33a1b1df1da653f5f7a0440c197f29fbf8a6e9d45ff6ef589
  languageName: node
  linkType: hard

"depd@npm:1.1.1":
  version: 1.1.1
  resolution: "depd@npm:1.1.1"
  checksum: 10c0/306c5479cdf9266e040086a61aabb6f7a386fa1f7b907fbba0774d7b810cab52da00e2abaf76850ea1f1970b250ed512855ace3ee80eca50875d32c5d288b9cd
  languageName: node
  linkType: hard

"depd@npm:~1.1.1, depd@npm:~1.1.2":
  version: 1.1.2
  resolution: "depd@npm:1.1.2"
  checksum: 10c0/acb24aaf936ef9a227b6be6d495f0d2eb20108a9a6ad40585c5bda1a897031512fef6484e4fdbb80bd249fdaa82841fa1039f416ece03188e677ba11bcfda249
  languageName: node
  linkType: hard

"destroy@npm:~1.0.4":
  version: 1.0.4
  resolution: "destroy@npm:1.0.4"
  checksum: 10c0/eab493808ba17a1fa22c71ef1a4e68d2c4c5222a38040606c966d2ab09117f3a7f3e05c39bffbe41a697f9de552039e43c30e46f0c3eab3faa9f82e800e172a0
  languageName: node
  linkType: hard

"ee-first@npm:1.1.1":
  version: 1.1.1
  resolution: "ee-first@npm:1.1.1"
  checksum: 10c0/b5bb125ee93161bc16bfe6e56c6b04de5ad2aa44234d8f644813cc95d861a6910903132b05093706de2b706599367c4130eb6d170f6b46895686b95f87d017b7
  languageName: node
  linkType: hard

"encodeurl@npm:~1.0.1":
  version: 1.0.2
  resolution: "encodeurl@npm:1.0.2"
  checksum: 10c0/f6c2387379a9e7c1156c1c3d4f9cb7bb11cf16dd4c1682e1f6746512564b053df5781029b6061296832b59fb22f459dbe250386d217c2f6e203601abb2ee0bec
  languageName: node
  linkType: hard

"escape-html@npm:~1.0.3":
  version: 1.0.3
  resolution: "escape-html@npm:1.0.3"
  checksum: 10c0/524c739d776b36c3d29fa08a22e03e8824e3b2fd57500e5e44ecf3cc4707c34c60f9ca0781c0e33d191f2991161504c295e98f68c78fe7baa6e57081ec6ac0a3
  languageName: node
  linkType: hard

"etag@npm:~1.8.1":
  version: 1.8.1
  resolution: "etag@npm:1.8.1"
  checksum: 10c0/12be11ef62fb9817314d790089a0a49fae4e1b50594135dcb8076312b7d7e470884b5100d249b28c18581b7fd52f8b485689ffae22a11ed9ec17377a33a08f84
  languageName: node
  linkType: hard

"express@npm:4.16.0":
  version: 4.16.0
  resolution: "express@npm:4.16.0"
  dependencies:
    accepts: "npm:~1.3.4"
    array-flatten: "npm:1.1.1"
    body-parser: "npm:1.18.2"
    content-disposition: "npm:0.5.2"
    content-type: "npm:~1.0.4"
    cookie: "npm:0.3.1"
    cookie-signature: "npm:1.0.6"
    debug: "npm:2.6.9"
    depd: "npm:~1.1.1"
    encodeurl: "npm:~1.0.1"
    escape-html: "npm:~1.0.3"
    etag: "npm:~1.8.1"
    finalhandler: "npm:1.1.0"
    fresh: "npm:0.5.2"
    merge-descriptors: "npm:1.0.1"
    methods: "npm:~1.1.2"
    on-finished: "npm:~2.3.0"
    parseurl: "npm:~1.3.2"
    path-to-regexp: "npm:0.1.7"
    proxy-addr: "npm:~2.0.2"
    qs: "npm:6.5.1"
    range-parser: "npm:~1.2.0"
    safe-buffer: "npm:5.1.1"
    send: "npm:0.16.0"
    serve-static: "npm:1.13.0"
    setprototypeof: "npm:1.1.0"
    statuses: "npm:~1.3.1"
    type-is: "npm:~1.6.15"
    utils-merge: "npm:1.0.1"
    vary: "npm:~1.1.2"
  checksum: 10c0/9089b259611ca05d622c3ced04f5fd18a6bde35f4450ccc2a5eedca3f17618185c4a68c36a159c0aada465e84ef3b19cb5fced9c02c5c546c26e6dae1a40a979
  languageName: node
  linkType: hard

"finalhandler@npm:1.1.0":
  version: 1.1.0
  resolution: "finalhandler@npm:1.1.0"
  dependencies:
    debug: "npm:2.6.9"
    encodeurl: "npm:~1.0.1"
    escape-html: "npm:~1.0.3"
    on-finished: "npm:~2.3.0"
    parseurl: "npm:~1.3.2"
    statuses: "npm:~1.3.1"
    unpipe: "npm:~1.0.0"
  checksum: 10c0/ed28bf6b7cf423dec9ab3a0016bbc2d21898e315b663f5a989a4b078537858bf3f0a2edb241bce54f66f3b5f233456c9f1dd03318ca745cd70405517aa6954cd
  languageName: node
  linkType: hard

"forwarded@npm:0.2.0":
  version: 0.2.0
  resolution: "forwarded@npm:0.2.0"
  checksum: 10c0/9b67c3fac86acdbc9ae47ba1ddd5f2f81526fa4c8226863ede5600a3f7c7416ef451f6f1e240a3cc32d0fd79fcfe6beb08fd0da454f360032bde70bf80afbb33
  languageName: node
  linkType: hard

"fresh@npm:0.5.2":
  version: 0.5.2
  resolution: "fresh@npm:0.5.2"
  checksum: 10c0/c6d27f3ed86cc5b601404822f31c900dd165ba63fff8152a3ef714e2012e7535027063bc67ded4cb5b3a49fa596495d46cacd9f47d6328459cf570f08b7d9e5a
  languageName: node
  linkType: hard

"http-errors@npm:1.6.2":
  version: 1.6.2
  resolution: "http-errors@npm:1.6.2"
  dependencies:
    depd: "npm:1.1.1"
    inherits: "npm:2.0.3"
    setprototypeof: "npm:1.0.3"
    statuses: "npm:>= 1.3.1 < 2"
  checksum: 10c0/010c25579a964d93fbd02d23ccfe0c7da812dbdc81cc384cd402847e73a999c8f0ec38ba266f02d6291cf1b04c743eb895aecc0481bc717f3399be9d848f9d86
  languageName: node
  linkType: hard

"http-errors@npm:~1.6.2":
  version: 1.6.3
  resolution: "http-errors@npm:1.6.3"
  dependencies:
    depd: "npm:~1.1.2"
    inherits: "npm:2.0.3"
    setprototypeof: "npm:1.1.0"
    statuses: "npm:>= 1.4.0 < 2"
  checksum: 10c0/17ec4046ee974477778bfdd525936c254b872054703ec2caa4d6f099566b8adade636ae6aeeacb39302c5cd6e28fb407ebd937f500f5010d0b6850750414ff78
  languageName: node
  linkType: hard

"iconv-lite@npm:0.4.19":
  version: 0.4.19
  resolution: "iconv-lite@npm:0.4.19"
  checksum: 10c0/db8035a8b2e358c064844ae14388bf26d4ea8c42b7e301e8811ad37af724424498ac1f9ce56300514239f94d9f2aae8fdaf79b9ba46b80f95ea1ce6e9bcb86de
  languageName: node
  linkType: hard

"inherits@npm:2.0.3":
  version: 2.0.3
  resolution: "inherits@npm:2.0.3"
  checksum: 10c0/6e56402373149ea076a434072671f9982f5fad030c7662be0332122fe6c0fa490acb3cc1010d90b6eff8d640b1167d77674add52dfd1bb85d545cf29e80e73e7
  languageName: node
  linkType: hard

"ipaddr.js@npm:1.9.1":
  version: 1.9.1
  resolution: "ipaddr.js@npm:1.9.1"
  checksum: 10c0/0486e775047971d3fdb5fb4f063829bac45af299ae0b82dcf3afa2145338e08290563a2a70f34b732d795ecc8311902e541a8530eeb30d75860a78ff4e94ce2a
  languageName: node
  linkType: hard

"media-typer@npm:0.3.0":
  version: 0.3.0
  resolution: "media-typer@npm:0.3.0"
  checksum: 10c0/d160f31246907e79fed398470285f21bafb45a62869dc469b1c8877f3f064f5eabc4bcc122f9479b8b605bc5c76187d7871cf84c4ee3ecd3e487da1993279928
  languageName: node
  linkType: hard

"merge-descriptors@npm:1.0.1":
  version: 1.0.1
  resolution: "merge-descriptors@npm:1.0.1"
  checksum: 10c0/b67d07bd44cfc45cebdec349bb6e1f7b077ee2fd5beb15d1f7af073849208cb6f144fe403e29a36571baf3f4e86469ac39acf13c318381e958e186b2766f54ec
  languageName: node
  linkType: hard

"methods@npm:~1.1.2":
  version: 1.1.2
  resolution: "methods@npm:1.1.2"
  checksum: 10c0/bdf7cc72ff0a33e3eede03708c08983c4d7a173f91348b4b1e4f47d4cdbf734433ad971e7d1e8c77247d9e5cd8adb81ea4c67b0a2db526b758b2233d7814b8b2
  languageName: node
  linkType: hard

"mime-db@npm:1.52.0":
  version: 1.52.0
  resolution: "mime-db@npm:1.52.0"
  checksum: 10c0/0557a01deebf45ac5f5777fe7740b2a5c309c6d62d40ceab4e23da9f821899ce7a900b7ac8157d4548ddbb7beffe9abc621250e6d182b0397ec7f10c7b91a5aa
  languageName: node
  linkType: hard

"mime-types@npm:~2.1.24, mime-types@npm:~2.1.34":
  version: 2.1.35
  resolution: "mime-types@npm:2.1.35"
  dependencies:
    mime-db: "npm:1.52.0"
  checksum: 10c0/82fb07ec56d8ff1fc999a84f2f217aa46cb6ed1033fefaabd5785b9a974ed225c90dc72fff460259e66b95b73648596dbcc50d51ed69cdf464af2d237d3149b2
  languageName: node
  linkType: hard

"mime@npm:1.4.1":
  version: 1.4.1
  resolution: "mime@npm:1.4.1"
  bin:
    mime: cli.js
  checksum: 10c0/ba9db9f7eb3eaae61c072cf06d744db99c091b5c9fa49f68e44ada7c6cccc89568c7a830f9ae0a11f37c88ca3851cb59a138e4703895e01d55dbff274feb74be
  languageName: node
  linkType: hard

"ms@npm:2.0.0":
  version: 2.0.0
  resolution: "ms@npm:2.0.0"
  checksum: 10c0/f8fda810b39fd7255bbdc451c46286e549794fcc700dc9cd1d25658bbc4dc2563a5de6fe7c60f798a16a60c6ceb53f033cb353f493f0cf63e5199b702943159d
  languageName: node
  linkType: hard

"negotiator@npm:0.6.3":
  version: 0.6.3
  resolution: "negotiator@npm:0.6.3"
  checksum: 10c0/3ec9fd413e7bf071c937ae60d572bc67155262068ed522cf4b3be5edbe6ddf67d095ec03a3a14ebf8fc8e95f8e1d61be4869db0dbb0de696f6b837358bd43fc2
  languageName: node
  linkType: hard

"on-finished@npm:~2.3.0":
  version: 2.3.0
  resolution: "on-finished@npm:2.3.0"
  dependencies:
    ee-first: "npm:1.1.1"
  checksum: 10c0/c904f9e518b11941eb60279a3cbfaf1289bd0001f600a950255b1dede9fe3df8cd74f38483550b3bb9485165166acb5db500c3b4c4337aec2815c88c96fcc2ea
  languageName: node
  linkType: hard

"parseurl@npm:~1.3.2":
  version: 1.3.3
  resolution: "parseurl@npm:1.3.3"
  checksum: 10c0/90dd4760d6f6174adb9f20cf0965ae12e23879b5f5464f38e92fce8073354341e4b3b76fa3d878351efe7d01e617121955284cfd002ab087fba1a0726ec0b4f5
  languageName: node
  linkType: hard

"path-to-regexp@npm:0.1.7":
  version: 0.1.7
  resolution: "path-to-regexp@npm:0.1.7"
  checksum: 10c0/50a1ddb1af41a9e68bd67ca8e331a705899d16fb720a1ea3a41e310480948387daf603abb14d7b0826c58f10146d49050a1291ba6a82b78a382d1c02c0b8f905
  languageName: node
  linkType: hard

"proxy-addr@npm:~2.0.2":
  version: 2.0.7
  resolution: "proxy-addr@npm:2.0.7"
  dependencies:
    forwarded: "npm:0.2.0"
    ipaddr.js: "npm:1.9.1"
  checksum: 10c0/c3eed999781a35f7fd935f398b6d8920b6fb00bbc14287bc6de78128ccc1a02c89b95b56742bf7cf0362cc333c61d138532049c7dedc7a328ef13343eff81210
  languageName: node
  linkType: hard

"qs@npm:6.5.1":
  version: 6.5.1
  resolution: "qs@npm:6.5.1"
  checksum: 10c0/303ebd46385399d8dc4acebd509b7c40ec36ff1170efff0a529dbd39d9ba5e313006c2476d2477db5b1ed17ecbb99be4a6b237f50bd9702b277cc86cd63beb75
  languageName: node
  linkType: hard

"range-parser@npm:~1.2.0":
  version: 1.2.1
  resolution: "range-parser@npm:1.2.1"
  checksum: 10c0/96c032ac2475c8027b7a4e9fe22dc0dfe0f6d90b85e496e0f016fbdb99d6d066de0112e680805075bd989905e2123b3b3d002765149294dce0c1f7f01fcc2ea0
  languageName: node
  linkType: hard

"raw-body@npm:2.3.2":
  version: 2.3.2
  resolution: "raw-body@npm:2.3.2"
  dependencies:
    bytes: "npm:3.0.0"
    http-errors: "npm:1.6.2"
    iconv-lite: "npm:0.4.19"
    unpipe: "npm:1.0.0"
  checksum: 10c0/4b075ebd134afd9c96a5e7109b255915059893cf20006d1d4f88efbc0f71f222849398bcfc600a53fc5ff776bc2373d283650ba2d1b154380039772bef6d31ab
  languageName: node
  linkType: hard

"safe-buffer@npm:5.1.1":
  version: 5.1.1
  resolution: "safe-buffer@npm:5.1.1"
  checksum: 10c0/1c233bd105deeba3c9a8911ed4ec24ba45adbb51fec02f7944a10a202c38e3df4ef2b524bdeb55f2e4f8c77c13b2959e2e2e6022e5d99acdd70633b5f7e138cf
  languageName: node
  linkType: hard

"send@npm:0.16.0":
  version: 0.16.0
  resolution: "send@npm:0.16.0"
  dependencies:
    debug: "npm:2.6.9"
    depd: "npm:~1.1.1"
    destroy: "npm:~1.0.4"
    encodeurl: "npm:~1.0.1"
    escape-html: "npm:~1.0.3"
    etag: "npm:~1.8.1"
    fresh: "npm:0.5.2"
    http-errors: "npm:~1.6.2"
    mime: "npm:1.4.1"
    ms: "npm:2.0.0"
    on-finished: "npm:~2.3.0"
    range-parser: "npm:~1.2.0"
    statuses: "npm:~1.3.1"
  checksum: 10c0/e1e744216cd022a9683fe555a988497ecf202bfa78da1b37afed63f696689660ddf11b3546974c92cc34acdf5db0211eb8b208e9759a25897b75660f0954328b
  languageName: node
  linkType: hard

"serve-static@npm:1.13.0":
  version: 1.13.0
  resolution: "serve-static@npm:1.13.0"
  dependencies:
    encodeurl: "npm:~1.0.1"
    escape-html: "npm:~1.0.3"
    parseurl: "npm:~1.3.2"
    send: "npm:0.16.0"
  checksum: 10c0/f196f7410e63a385dd66d15d0b51612f340fc6d23b437026d2390c6abe7354190329c5dbfa41e2ad70c4f51ee9f2da5cebf82281d45dee4062447ffaf31b038e
  languageName: node
  linkType: hard

"setprototypeof@npm:1.0.3":
  version: 1.0.3
  resolution: "setprototypeof@npm:1.0.3"
  checksum: 10c0/4391b5c4a7e87d940ef6cf5f44c74c6aa0f7008123e7748ed86ca8db37d26f8362e3a385c6db8aa97676d94b2528a91a64158b0c992afbffd976791a78289fd1
  languageName: node
  linkType: hard

"setprototypeof@npm:1.1.0":
  version: 1.1.0
  resolution: "setprototypeof@npm:1.1.0"
  checksum: 10c0/a77b20876689c6a89c3b42f0c3596a9cae02f90fc902570cbd97198e9e8240382086c9303ad043e88cee10f61eae19f1004e51d885395a1e9bf49f9ebed12872
  languageName: node
  linkType: hard

"statuses@npm:>= 1.3.1 < 2, statuses@npm:>= 1.4.0 < 2":
  version: 1.5.0
  resolution: "statuses@npm:1.5.0"
  checksum: 10c0/e433900956357b3efd79b1c547da4d291799ac836960c016d10a98f6a810b1b5c0dcc13b5a7aa609a58239b5190e1ea176ad9221c2157d2fd1c747393e6b2940
  languageName: node
  linkType: hard

"statuses@npm:~1.3.1":
  version: 1.3.1
  resolution: "statuses@npm:1.3.1"
  checksum: 10c0/cdeccf298416555abe1a5ff632a1bf9d27a3546e013b5a456987a6a0c4fb4f277d138f14940a537ca05039be7fbc0734689331e697ef8d063928014a58ce1bdd
  languageName: node
  linkType: hard

"tade-yayaoye@workspace:.":
  version: 0.0.0-use.local
  resolution: "tade-yayaoye@workspace:."
  dependencies:
    express: "npm:4.16.0"
  languageName: unknown
  linkType: soft

"type-is@npm:~1.6.15":
  version: 1.6.18
  resolution: "type-is@npm:1.6.18"
  dependencies:
    media-typer: "npm:0.3.0"
    mime-types: "npm:~2.1.24"
  checksum: 10c0/a23daeb538591b7efbd61ecf06b6feb2501b683ffdc9a19c74ef5baba362b4347e42f1b4ed81f5882a8c96a3bfff7f93ce3ffaf0cbbc879b532b04c97a55db9d
  languageName: node
  linkType: hard

"unpipe@npm:1.0.0, unpipe@npm:~1.0.0":
  version: 1.0.0
  resolution: "unpipe@npm:1.0.0"
  checksum: 10c0/193400255bd48968e5c5383730344fbb4fa114cdedfab26e329e50dd2d81b134244bb8a72c6ac1b10ab0281a58b363d06405632c9d49ca9dfd5e90cbd7d0f32c
  languageName: node
  linkType: hard

"utils-merge@npm:1.0.1":
  version: 1.0.1
  resolution: "utils-merge@npm:1.0.1"
  checksum: 10c0/02ba649de1b7ca8854bfe20a82f1dfbdda3fb57a22ab4a8972a63a34553cf7aa51bc9081cf7e001b035b88186d23689d69e71b510e610a09a4c66f68aa95b672
  languageName: node
  linkType: hard

"vary@npm:~1.1.2":
  version: 1.1.2
  resolution: "vary@npm:1.1.2"
  checksum: 10c0/f15d588d79f3675135ba783c91a4083dcd290a2a5be9fcb6514220a1634e23df116847b1cc51f66bfb0644cf9353b2abb7815ae499bab06e46dd33c1a6bf1f4f
  languageName: node
  linkType: hard
